# THIS IS AN AUTOGENERATED FILE. DO NOT EDIT THIS FILE DIRECTLY.
# yarn lockfile v1


"@intlify/core-base@9.13.1":
  version "9.13.1"
  resolved "https://registry.yarnpkg.com/@intlify/core-base/-/core-base-9.13.1.tgz#bd1f38e665095993ef9b67aeeb794f3cabcb515d"
  integrity sha512-+bcQRkJO9pcX8d0gel9ZNfrzU22sZFSA0WVhfXrf5jdJOS24a+Bp8pozuS9sBI9Hk/tGz83pgKfmqcn/Ci7/8w==
  dependencies:
    "@intlify/message-compiler" "9.13.1"
    "@intlify/shared" "9.13.1"

"@intlify/message-compiler@9.13.1":
  version "9.13.1"
  resolved "https://registry.yarnpkg.com/@intlify/message-compiler/-/message-compiler-9.13.1.tgz#ff8129badf77db3fb648b8d3cceee87c8033ed0a"
  integrity sha512-SKsVa4ajYGBVm7sHMXd5qX70O2XXjm55zdZB3VeMFCvQyvLew/dLvq3MqnaIsTMF1VkkOb9Ttr6tHcMlyPDL9w==
  dependencies:
    "@intlify/shared" "9.13.1"
    source-map-js "^1.0.2"

"@intlify/shared@9.13.1":
  version "9.13.1"
  resolved "https://registry.yarnpkg.com/@intlify/shared/-/shared-9.13.1.tgz#202741d11ece1a9c7480bfd3f27afcf9cb8f72e4"
  integrity sha512-u3b6BKGhE6j/JeRU6C/RL2FgyJfy6LakbtfeVF8fJXURpZZTzfh3e05J0bu0XPw447Q6/WUp3C4ajv4TMS4YsQ==

"@vue/devtools-api@^6.5.0":
  version "6.6.1"
  resolved "https://registry.yarnpkg.com/@vue/devtools-api/-/devtools-api-6.6.1.tgz#7c14346383751d9f6ad4bea0963245b30220ef83"
  integrity sha512-LgPscpE3Vs0x96PzSSB4IGVSZXZBZHpfxs+ZA1d+VEPwHdOXowy/Y2CsvCAIFrf+ssVU1pD1jidj505EpUnfbA==

source-map-js@^1.0.2:
  version "1.2.0"
  resolved "https://registry.yarnpkg.com/source-map-js/-/source-map-js-1.2.0.tgz#16b809c162517b5b8c3e7dcd315a2a5c2612b2af"
  integrity sha512-itJW8lvSA0TXEphiRoawsCksnlf8SyvmFzIhltqAHluXd88pkCd+cXJVHTDwdCr0IzwptSm035IHQktUu1QUMg==

vue-i18n@^9.13.1:
  version "9.13.1"
  resolved "https://registry.yarnpkg.com/vue-i18n/-/vue-i18n-9.13.1.tgz#a292c8021b7be604ebfca5609ae1f8fafe5c36d7"
  integrity sha512-mh0GIxx0wPtPlcB1q4k277y0iKgo25xmDPWioVVYanjPufDBpvu5ySTjP5wOrSvlYQ2m1xI+CFhGdauv/61uQg==
  dependencies:
    "@intlify/core-base" "9.13.1"
    "@intlify/shared" "9.13.1"
    "@vue/devtools-api" "^6.5.0"
